
Microsoft Visual Studio Solution File, Format Version 12.00
# Visual Studio 15
VisualStudioVersion = 15.0.27004.2009
MinimumVisualStudioVersion = 10.0.40219.1
Project("{FAE04EC0-301F-11D3-BF4B-00C04F79EFBC}") = "GoogleSheetDownload", "GoogleSheetDownload.csproj", "{F09C384E-4DAD-4D89-B42C-AED0515639AE}"
EndProject
Global
	GlobalSection(SolutionConfigurationPlatforms) = preSolution
		Debug|Any CPU = Debug|Any CPU
		Release|Any CPU = Release|Any CPU
	EndGlobalSection
	GlobalSection(ProjectConfigurationPlatforms) = postSolution
		{F09C384E-4DAD-4D89-B42C-AED0515639AE}.Debug|Any CPU.ActiveCfg = Debug|Any CPU
		{F09C384E-4DAD-4D89-B42C-AED0515639AE}.Debug|Any CPU.Build.0 = Debug|Any CPU
		{F09C384E-4DAD-4D89-B42C-AED0515639AE}.Release|Any CPU.ActiveCfg = Release|Any CPU
		{F09C384E-4DAD-4D89-B42C-AED0515639AE}.Release|Any CPU.Build.0 = Release|Any CPU
	EndGlobalSection
	GlobalSection(SolutionProperties) = preSolution
		HideSolutionNode = FALSE
	EndGlobalSection
	GlobalSection(ExtensibilityGlobals) = postSolution
		SolutionGuid = {81FB0D14-0EBE-4DC0-80F0-6170A266EA9F}
	EndGlobalSection
EndGlobal
